{
  "markbot": "f627e1c4383617f77602aea0749f7653b88d9ebe80c0f88019d5e9081a93f546",
  "markbotignore": "030a4e6e1b3b6b510514a7ae54576e2c2ef762d56236c6414ef634955d96a126",
  "index-before-320.png": "07d61eac75f20f587e63f26b3e0891be2d4fdba86ffc72b15204e156b4b101db",
  "index-before-650.png": "4bedf21bd6b922926dc5901954dddfbe8018312734eeb65bda6c8a3264a27cab",
  "index-after-650.png": "aea1515a8bc8e4e8f27b2a907e231920dc558105f1d3b6ac5c07f451538162cb"
}