{
  "markbot": "f627e1c4383617f77602aea0749f7653b88d9ebe80c0f88019d5e9081a93f546",
  "markbotignore": "030a4e6e1b3b6b510514a7ae54576e2c2ef762d56236c6414ef634955d96a126",
  "index-before-320.png": "d6c02ee4d78a04879f4ee2335617a436af151165db844741390d8f0d8ae7740e",
  "index-before-650.png": "1360b7d342db47413e4c06be2f8b359c28550d8240767d7280882a456f018fb2",
  "index-after-650.png": "db68664ef82057215aefcfe06d17fa95ee9fdaa744eb5ba52fa5a3ffd3fc0ccb"
}