{
  "markbot": "199416fa5eae925a944f3b9c2ce8ba6c0431dcb2da3e8b7aa65db61dbe1a6d88",
  "markbotignore": "030a4e6e1b3b6b510514a7ae54576e2c2ef762d56236c6414ef634955d96a126",
  "index-before-320.png": "c3a473165e7553caee60117b9e26b258964f6f65605f36b172cd9e49898e4fd7",
  "index-before-650.png": "4766466390fe89e339cb89f02b6d8accaf865b41b0287549c2ceaa6af5112750",
  "index-after-650.png": "821c48e2ef7633ad82a44c8e6c49c050e95f4144e25b8e7f09f59deaa62f92d8"
}